// !$*UTF8*$!
{
	archiveVersion = 1;
	classes = {
	};
	objectVersion = 50;
	objects = {

/* Begin PBXBuildFile section */
		6D30B3F422590D540029ECE2 /* AddNoteViewController.swift in Sources */ = {isa = PBXBuildFile; fileRef = 6D30B3F322590D540029ECE2 /* AddNoteViewController.swift */; };
		6D30B3F622591CDE0029ECE2 /* AllNotesTableViewController.swift in Sources */ = {isa = PBXBuildFile; fileRef = 6D30B3F522591CDE0029ECE2 /* AllNotesTableViewController.swift */; };
		6D35182A225F6737004098D8 /* Pinger.swift in Sources */ = {isa = PBXBuildFile; fileRef = 6D351829225F6737004098D8 /* Pinger.swift */; };
		6D726257225B8A95003137BA /* GuardianSearchController.swift in Sources */ = {isa = PBXBuildFile; fileRef = 6D726256225B8A95003137BA /* GuardianSearchController.swift */; };
		6D72625A225B8B98003137BA /* GuardianContentClient.swift in Sources */ = {isa = PBXBuildFile; fileRef = 6D726258225B8B98003137BA /* GuardianContentClient.swift */; };
		6D72625B225B8B98003137BA /* GuardianContentDataTypes.swift in Sources */ = {isa = PBXBuildFile; fileRef = 6D726259225B8B98003137BA /* GuardianContentDataTypes.swift */; };
		6D726263225BB934003137BA /* ReturnedArticlesTableViewController.swift in Sources */ = {isa = PBXBuildFile; fileRef = 6D726262225BB934003137BA /* ReturnedArticlesTableViewController.swift */; };
		6D8385A7225D03D200BC9FBF /* ResultsCellTableViewCell.swift in Sources */ = {isa = PBXBuildFile; fileRef = 6D8385A6225D03D200BC9FBF /* ResultsCellTableViewCell.swift */; };
		6D8385AB225D223E00BC9FBF /* SingleArticleTableViewController.swift in Sources */ = {isa = PBXBuildFile; fileRef = 6D8385AA225D223E00BC9FBF /* SingleArticleTableViewController.swift */; };
		6D9FB793225E17E300E94199 /* KeyedDecodingContainer+extension.swift in Sources */ = {isa = PBXBuildFile; fileRef = 6D9FB792225E17E300E94199 /* KeyedDecodingContainer+extension.swift */; };
		6D9FB795225E381E00E94199 /* SingleArticleTableViewCell.swift in Sources */ = {isa = PBXBuildFile; fileRef = 6D9FB794225E381E00E94199 /* SingleArticleTableViewCell.swift */; };
		6D9FB797225E4A9500E94199 /* RecentSearchesTableViewController.swift in Sources */ = {isa = PBXBuildFile; fileRef = 6D9FB796225E4A9500E94199 /* RecentSearchesTableViewController.swift */; };
		6D9FB79B225E58F100E94199 /* noteBook.xcdatamodeld in Sources */ = {isa = PBXBuildFile; fileRef = 6D9FB799225E58F100E94199 /* noteBook.xcdatamodeld */; };
		6D9FB79D225E6BF800E94199 /* structClass.swift in Sources */ = {isa = PBXBuildFile; fileRef = 6D9FB79C225E6BF800E94199 /* structClass.swift */; };
		6DA437782258F9FD003F8C8F /* AppDelegate.swift in Sources */ = {isa = PBXBuildFile; fileRef = 6DA437772258F9FD003F8C8F /* AppDelegate.swift */; };
		6DA4377D2258F9FD003F8C8F /* Main.storyboard in Resources */ = {isa = PBXBuildFile; fileRef = 6DA4377B2258F9FD003F8C8F /* Main.storyboard */; };
		6DA437822258F9FE003F8C8F /* Assets.xcassets in Resources */ = {isa = PBXBuildFile; fileRef = 6DA437812258F9FE003F8C8F /* Assets.xcassets */; };
		6DA437852258F9FE003F8C8F /* LaunchScreen.storyboard in Resources */ = {isa = PBXBuildFile; fileRef = 6DA437832258F9FE003F8C8F /* LaunchScreen.storyboard */; };
		6DA437902258F9FE003F8C8F /* noteBookTests.swift in Sources */ = {isa = PBXBuildFile; fileRef = 6DA4378F2258F9FE003F8C8F /* noteBookTests.swift */; };
		6DA4379B2258F9FE003F8C8F /* noteBookUITests.swift in Sources */ = {isa = PBXBuildFile; fileRef = 6DA4379A2258F9FE003F8C8F /* noteBookUITests.swift */; };
		6DA7DCEA225A406B00683559 /* NotesDetailsTableViewController.swift in Sources */ = {isa = PBXBuildFile; fileRef = 6DA7DCE9225A406B00683559 /* NotesDetailsTableViewController.swift */; };
		6DF1C3632260D1F1007829F9 /* DataChangedDelegate.swift in Sources */ = {isa = PBXBuildFile; fileRef = 6DF1C3622260D1F1007829F9 /* DataChangedDelegate.swift */; };
		6DF1C3652260D245007829F9 /* SelectionDoneCancelViewController.swift in Sources */ = {isa = PBXBuildFile; fileRef = 6DF1C3642260D245007829F9 /* SelectionDoneCancelViewController.swift */; };
		6DF1C3672260D276007829F9 /* SelectionItem.swift in Sources */ = {isa = PBXBuildFile; fileRef = 6DF1C3662260D276007829F9 /* SelectionItem.swift */; };
		6DF1C3712260E420007829F9 /* MViewController.swift in Sources */ = {isa = PBXBuildFile; fileRef = 6DF1C3702260E420007829F9 /* MViewController.swift */; };
/* End PBXBuildFile section */

/* Begin PBXContainerItemProxy section */
		6DA4378C2258F9FE003F8C8F /* PBXContainerItemProxy */ = {
			isa = PBXContainerItemProxy;
			containerPortal = 6DA4376C2258F9FC003F8C8F /* Project object */;
			proxyType = 1;
			remoteGlobalIDString = 6DA437732258F9FC003F8C8F;
			remoteInfo = noteBook;
		};
		6DA437972258F9FE003F8C8F /* PBXContainerItemProxy */ = {
			isa = PBXContainerItemProxy;
			containerPortal = 6DA4376C2258F9FC003F8C8F /* Project object */;
			proxyType = 1;
			remoteGlobalIDString = 6DA437732258F9FC003F8C8F;
			remoteInfo = noteBook;
		};
/* End PBXContainerItemProxy section */

/* Begin PBXCopyFilesBuildPhase section */
		6D351879225FB01B004098D8 /* CopyFiles */ = {
			isa = PBXCopyFilesBuildPhase;
			buildActionMask = 2147483647;
			dstPath = "";
			dstSubfolderSpec = 10;
			files = (
			);
			runOnlyForDeploymentPostprocessing = 0;
		};
/* End PBXCopyFilesBuildPhase section */

/* Begin PBXFileReference section */
		6D30B3F322590D540029ECE2 /* AddNoteViewController.swift */ = {isa = PBXFileReference; lastKnownFileType = sourcecode.swift; path = AddNoteViewController.swift; sourceTree = "<group>"; };
		6D30B3F522591CDE0029ECE2 /* AllNotesTableViewController.swift */ = {isa = PBXFileReference; lastKnownFileType = sourcecode.swift; path = AllNotesTableViewController.swift; sourceTree = "<group>"; };
		6D351829225F6737004098D8 /* Pinger.swift */ = {isa = PBXFileReference; lastKnownFileType = sourcecode.swift; path = Pinger.swift; sourceTree = "<group>"; };
		6D726256225B8A95003137BA /* GuardianSearchController.swift */ = {isa = PBXFileReference; lastKnownFileType = sourcecode.swift; path = GuardianSearchController.swift; sourceTree = "<group>"; };
		6D726258225B8B98003137BA /* GuardianContentClient.swift */ = {isa = PBXFileReference; fileEncoding = 4; lastKnownFileType = sourcecode.swift; name = GuardianContentClient.swift; path = "../../../../Downloads/gdn-open-platform-api-master-0f6539d997eb997e5b85bf4d63594638e8ef4f1b/GuardianOpenPlatformExample/GuardianContentClient.swift"; sourceTree = "<group>"; };
		6D726259225B8B98003137BA /* GuardianContentDataTypes.swift */ = {isa = PBXFileReference; fileEncoding = 4; lastKnownFileType = sourcecode.swift; name = GuardianContentDataTypes.swift; path = "../../../../Downloads/gdn-open-platform-api-master-0f6539d997eb997e5b85bf4d63594638e8ef4f1b/GuardianOpenPlatformExample/GuardianContentDataTypes.swift"; sourceTree = "<group>"; };
		6D726262225BB934003137BA /* ReturnedArticlesTableViewController.swift */ = {isa = PBXFileReference; lastKnownFileType = sourcecode.swift; path = ReturnedArticlesTableViewController.swift; sourceTree = "<group>"; };
		6D8385A6225D03D200BC9FBF /* ResultsCellTableViewCell.swift */ = {isa = PBXFileReference; lastKnownFileType = sourcecode.swift; path = ResultsCellTableViewCell.swift; sourceTree = "<group>"; };
		6D8385AA225D223E00BC9FBF /* SingleArticleTableViewController.swift */ = {isa = PBXFileReference; lastKnownFileType = sourcecode.swift; path = SingleArticleTableViewController.swift; sourceTree = "<group>"; };
		6D9FB792225E17E300E94199 /* KeyedDecodingContainer+extension.swift */ = {isa = PBXFileReference; fileEncoding = 4; lastKnownFileType = sourcecode.swift; name = "KeyedDecodingContainer+extension.swift"; path = "../../../../Downloads/gdn-open-platform-api-master-24f94311e801b61c1139fe598c284d5f20073930/GuardianOpenPlatformExample/KeyedDecodingContainer+extension.swift"; sourceTree = "<group>"; };
		6D9FB794225E381E00E94199 /* SingleArticleTableViewCell.swift */ = {isa = PBXFileReference; lastKnownFileType = sourcecode.swift; path = SingleArticleTableViewCell.swift; sourceTree = "<group>"; };
		6D9FB796225E4A9500E94199 /* RecentSearchesTableViewController.swift */ = {isa = PBXFileReference; lastKnownFileType = sourcecode.swift; path = RecentSearchesTableViewController.swift; sourceTree = "<group>"; };
		6D9FB79A225E58F100E94199 /* noteBook.xcdatamodel */ = {isa = PBXFileReference; lastKnownFileType = wrapper.xcdatamodel; path = noteBook.xcdatamodel; sourceTree = "<group>"; };
		6D9FB79C225E6BF800E94199 /* structClass.swift */ = {isa = PBXFileReference; lastKnownFileType = sourcecode.swift; path = structClass.swift; sourceTree = "<group>"; };
		6DA437742258F9FD003F8C8F /* noteBook.app */ = {isa = PBXFileReference; explicitFileType = wrapper.application; includeInIndex = 0; path = noteBook.app; sourceTree = BUILT_PRODUCTS_DIR; };
		6DA437772258F9FD003F8C8F /* AppDelegate.swift */ = {isa = PBXFileReference; lastKnownFileType = sourcecode.swift; path = AppDelegate.swift; sourceTree = "<group>"; };
		6DA4377C2258F9FD003F8C8F /* Base */ = {isa = PBXFileReference; lastKnownFileType = file.storyboard; name = Base; path = Base.lproj/Main.storyboard; sourceTree = "<group>"; };
		6DA437812258F9FE003F8C8F /* Assets.xcassets */ = {isa = PBXFileReference; lastKnownFileType = folder.assetcatalog; path = Assets.xcassets; sourceTree = "<group>"; };
		6DA437842258F9FE003F8C8F /* Base */ = {isa = PBXFileReference; lastKnownFileType = file.storyboard; name = Base; path = Base.lproj/LaunchScreen.storyboard; sourceTree = "<group>"; };
		6DA437862258F9FE003F8C8F /* Info.plist */ = {isa = PBXFileReference; lastKnownFileType = text.plist.xml; path = Info.plist; sourceTree = "<group>"; };
		6DA4378B2258F9FE003F8C8F /* noteBookTests.xctest */ = {isa = PBXFileReference; explicitFileType = wrapper.cfbundle; includeInIndex = 0; path = noteBookTests.xctest; sourceTree = BUILT_PRODUCTS_DIR; };
		6DA4378F2258F9FE003F8C8F /* noteBookTests.swift */ = {isa = PBXFileReference; lastKnownFileType = sourcecode.swift; path = noteBookTests.swift; sourceTree = "<group>"; };
		6DA437912258F9FE003F8C8F /* Info.plist */ = {isa = PBXFileReference; lastKnownFileType = text.plist.xml; path = Info.plist; sourceTree = "<group>"; };
		6DA437962258F9FE003F8C8F /* noteBookUITests.xctest */ = {isa = PBXFileReference; explicitFileType = wrapper.cfbundle; includeInIndex = 0; path = noteBookUITests.xctest; sourceTree = BUILT_PRODUCTS_DIR; };
		6DA4379A2258F9FE003F8C8F /* noteBookUITests.swift */ = {isa = PBXFileReference; lastKnownFileType = sourcecode.swift; path = noteBookUITests.swift; sourceTree = "<group>"; };
		6DA4379C2258F9FE003F8C8F /* Info.plist */ = {isa = PBXFileReference; lastKnownFileType = text.plist.xml; path = Info.plist; sourceTree = "<group>"; };
		6DA7DCE9225A406B00683559 /* NotesDetailsTableViewController.swift */ = {isa = PBXFileReference; lastKnownFileType = sourcecode.swift; path = NotesDetailsTableViewController.swift; sourceTree = "<group>"; };
		6DF1C3622260D1F1007829F9 /* DataChangedDelegate.swift */ = {isa = PBXFileReference; lastKnownFileType = sourcecode.swift; path = DataChangedDelegate.swift; sourceTree = "<group>"; };
		6DF1C3642260D245007829F9 /* SelectionDoneCancelViewController.swift */ = {isa = PBXFileReference; lastKnownFileType = sourcecode.swift; path = SelectionDoneCancelViewController.swift; sourceTree = "<group>"; };
		6DF1C3662260D276007829F9 /* SelectionItem.swift */ = {isa = PBXFileReference; lastKnownFileType = sourcecode.swift; path = SelectionItem.swift; sourceTree = "<group>"; };
		6DF1C3702260E420007829F9 /* MViewController.swift */ = {isa = PBXFileReference; lastKnownFileType = sourcecode.swift; path = MViewController.swift; sourceTree = "<group>"; };
/* End PBXFileReference section */

/* Begin PBXFrameworksBuildPhase section */
		6DA437712258F9FC003F8C8F /* Frameworks */ = {
			isa = PBXFrameworksBuildPhase;
			buildActionMask = 2147483647;
			files = (
			);
			runOnlyForDeploymentPostprocessing = 0;
		};
		6DA437882258F9FE003F8C8F /* Frameworks */ = {
			isa = PBXFrameworksBuildPhase;
			buildActionMask = 2147483647;
			files = (
			);
			runOnlyForDeploymentPostprocessing = 0;
		};
		6DA437932258F9FE003F8C8F /* Frameworks */ = {
			isa = PBXFrameworksBuildPhase;
			buildActionMask = 2147483647;
			files = (
			);
			runOnlyForDeploymentPostprocessing = 0;
		};
/* End PBXFrameworksBuildPhase section */

/* Begin PBXGroup section */
		6DA4376B2258F9FC003F8C8F = {
			isa = PBXGroup;
			children = (
				6DA437762258F9FD003F8C8F /* noteBook */,
				6DA4378E2258F9FE003F8C8F /* noteBookTests */,
				6DA437992258F9FE003F8C8F /* noteBookUITests */,
				6DA437752258F9FD003F8C8F /* Products */,
			);
			sourceTree = "<group>";
		};
		6DA437752258F9FD003F8C8F /* Products */ = {
			isa = PBXGroup;
			children = (
				6DA437742258F9FD003F8C8F /* noteBook.app */,
				6DA4378B2258F9FE003F8C8F /* noteBookTests.xctest */,
				6DA437962258F9FE003F8C8F /* noteBookUITests.xctest */,
			);
			name = Products;
			sourceTree = "<group>";
		};
		6DA437762258F9FD003F8C8F /* noteBook */ = {
			isa = PBXGroup;
			children = (
				6DA7DCE6225A3FC900683559 /* controllers */,
				6DA437772258F9FD003F8C8F /* AppDelegate.swift */,
				6DA4377B2258F9FD003F8C8F /* Main.storyboard */,
				6DA437812258F9FE003F8C8F /* Assets.xcassets */,
				6DA437832258F9FE003F8C8F /* LaunchScreen.storyboard */,
				6DA437862258F9FE003F8C8F /* Info.plist */,
				6D9FB799225E58F100E94199 /* noteBook.xcdatamodeld */,
			);
			path = noteBook;
			sourceTree = "<group>";
		};
		6DA4378E2258F9FE003F8C8F /* noteBookTests */ = {
			isa = PBXGroup;
			children = (
				6DA4378F2258F9FE003F8C8F /* noteBookTests.swift */,
				6DA437912258F9FE003F8C8F /* Info.plist */,
			);
			path = noteBookTests;
			sourceTree = "<group>";
		};
		6DA437992258F9FE003F8C8F /* noteBookUITests */ = {
			isa = PBXGroup;
			children = (
				6DA4379A2258F9FE003F8C8F /* noteBookUITests.swift */,
				6DA4379C2258F9FE003F8C8F /* Info.plist */,
			);
			path = noteBookUITests;
			sourceTree = "<group>";
		};
		6DA7DCE6225A3FC900683559 /* controllers */ = {
			isa = PBXGroup;
			children = (
				6DF1C3612260D19D007829F9 /* MultipleSelect */,
				6D9FB792225E17E300E94199 /* KeyedDecodingContainer+extension.swift */,
				6D30B3F322590D540029ECE2 /* AddNoteViewController.swift */,
				6D30B3F522591CDE0029ECE2 /* AllNotesTableViewController.swift */,
				6DA7DCE9225A406B00683559 /* NotesDetailsTableViewController.swift */,
				6D726256225B8A95003137BA /* GuardianSearchController.swift */,
				6D726258225B8B98003137BA /* GuardianContentClient.swift */,
				6D726259225B8B98003137BA /* GuardianContentDataTypes.swift */,
				6D726262225BB934003137BA /* ReturnedArticlesTableViewController.swift */,
				6D8385A6225D03D200BC9FBF /* ResultsCellTableViewCell.swift */,
				6D8385AA225D223E00BC9FBF /* SingleArticleTableViewController.swift */,
				6D9FB794225E381E00E94199 /* SingleArticleTableViewCell.swift */,
				6D9FB796225E4A9500E94199 /* RecentSearchesTableViewController.swift */,
				6D9FB79C225E6BF800E94199 /* structClass.swift */,
				6D351829225F6737004098D8 /* Pinger.swift */,
			);
			path = controllers;
			sourceTree = "<group>";
		};
		6DF1C3612260D19D007829F9 /* MultipleSelect */ = {
			isa = PBXGroup;
			children = (
				6DF1C3622260D1F1007829F9 /* DataChangedDelegate.swift */,
				6DF1C3642260D245007829F9 /* SelectionDoneCancelViewController.swift */,
				6DF1C3662260D276007829F9 /* SelectionItem.swift */,
				6DF1C3702260E420007829F9 /* MViewController.swift */,
			);
			path = MultipleSelect;
			sourceTree = "<group>";
		};
/* End PBXGroup section */

/* Begin PBXNativeTarget section */
		6DA437732258F9FC003F8C8F /* noteBook */ = {
			isa = PBXNativeTarget;
			buildConfigurationList = 6DA4379F2258F9FE003F8C8F /* Build configuration list for PBXNativeTarget "noteBook" */;
			buildPhases = (
				6DA437702258F9FC003F8C8F /* Sources */,
				6DA437712258F9FC003F8C8F /* Frameworks */,
				6DA437722258F9FC003F8C8F /* Resources */,
				6D351879225FB01B004098D8 /* CopyFiles */,
			);
			buildRules = (
			);
			dependencies = (
			);
			name = noteBook;
			productName = noteBook;
			productReference = 6DA437742258F9FD003F8C8F /* noteBook.app */;
			productType = "com.apple.product-type.application";
		};
		6DA4378A2258F9FE003F8C8F /* noteBookTests */ = {
			isa = PBXNativeTarget;
			buildConfigurationList = 6DA437A22258F9FE003F8C8F /* Build configuration list for PBXNativeTarget "noteBookTests" */;
			buildPhases = (
				6DA437872258F9FE003F8C8F /* Sources */,
				6DA437882258F9FE003F8C8F /* Frameworks */,
				6DA437892258F9FE003F8C8F /* Resources */,
			);
			buildRules = (
			);
			dependencies = (
				6DA4378D2258F9FE003F8C8F /* PBXTargetDependency */,
			);
			name = noteBookTests;
			productName = noteBookTests;
			productReference = 6DA4378B2258F9FE003F8C8F /* noteBookTests.xctest */;
			productType = "com.apple.product-type.bundle.unit-test";
		};
		6DA437952258F9FE003F8C8F /* noteBookUITests */ = {
			isa = PBXNativeTarget;
			buildConfigurationList = 6DA437A52258F9FE003F8C8F /* Build configuration list for PBXNativeTarget "noteBookUITests" */;
			buildPhases = (
				6DA437922258F9FE003F8C8F /* Sources */,
				6DA437932258F9FE003F8C8F /* Frameworks */,
				6DA437942258F9FE003F8C8F /* Resources */,
			);
			buildRules = (
			);
			dependencies = (
				6DA437982258F9FE003F8C8F /* PBXTargetDependency */,
			);
			name = noteBookUITests;
			productName = noteBookUITests;
			productReference = 6DA437962258F9FE003F8C8F /* noteBookUITests.xctest */;
			productType = "com.apple.product-type.bundle.ui-testing";
		};
/* End PBXNativeTarget section */

/* Begin PBXProject section */
		6DA4376C2258F9FC003F8C8F /* Project object */ = {
			isa = PBXProject;
			attributes = {
				KnownAssetTags = (
					f,
					"fs ",
				);
				LastSwiftUpdateCheck = 1000;
				LastUpgradeCheck = 1000;
				ORGANIZATIONNAME = rdm10;
				TargetAttributes = {
					6DA437732258F9FC003F8C8F = {
						CreatedOnToolsVersion = 10.0;
						LastSwiftMigration = 1000;
					};
					6DA4378A2258F9FE003F8C8F = {
						CreatedOnToolsVersion = 10.0;
						TestTargetID = 6DA437732258F9FC003F8C8F;
					};
					6DA437952258F9FE003F8C8F = {
						CreatedOnToolsVersion = 10.0;
						TestTargetID = 6DA437732258F9FC003F8C8F;
					};
				};
			};
			buildConfigurationList = 6DA4376F2258F9FC003F8C8F /* Build configuration list for PBXProject "noteBook" */;
			compatibilityVersion = "Xcode 9.3";
			developmentRegion = en;
			hasScannedForEncodings = 0;
			knownRegions = (
				en,
				Base,
			);
			mainGroup = 6DA4376B2258F9FC003F8C8F;
			productRefGroup = 6DA437752258F9FD003F8C8F /* Products */;
			projectDirPath = "";
			projectRoot = "";
			targets = (
				6DA437732258F9FC003F8C8F /* noteBook */,
				6DA4378A2258F9FE003F8C8F /* noteBookTests */,
				6DA437952258F9FE003F8C8F /* noteBookUITests */,
			);
		};
/* End PBXProject section */

/* Begin PBXResourcesBuildPhase section */
		6DA437722258F9FC003F8C8F /* Resources */ = {
			isa = PBXResourcesBuildPhase;
			buildActionMask = 2147483647;
			files = (
				6DA437852258F9FE003F8C8F /* LaunchScreen.storyboard in Resources */,
				6DA437822258F9FE003F8C8F /* Assets.xcassets in Resources */,
				6DA4377D2258F9FD003F8C8F /* Main.storyboard in Resources */,
			);
			runOnlyForDeploymentPostprocessing = 0;
		};
		6DA437892258F9FE003F8C8F /* Resources */ = {
			isa = PBXResourcesBuildPhase;
			buildActionMask = 2147483647;
			files = (
			);
			runOnlyForDeploymentPostprocessing = 0;
		};
		6DA437942258F9FE003F8C8F /* Resources */ = {
			isa = PBXResourcesBuildPhase;
			buildActionMask = 2147483647;
			files = (
			);
			runOnlyForDeploymentPostprocessing = 0;
		};
/* End PBXResourcesBuildPhase section */

/* Begin PBXSourcesBuildPhase section */
		6DA437702258F9FC003F8C8F /* Sources */ = {
			isa = PBXSourcesBuildPhase;
			buildActionMask = 2147483647;
			files = (
				6D35182A225F6737004098D8 /* Pinger.swift in Sources */,
				6D726257225B8A95003137BA /* GuardianSearchController.swift in Sources */,
				6D30B3F422590D540029ECE2 /* AddNoteViewController.swift in Sources */,
				6D30B3F622591CDE0029ECE2 /* AllNotesTableViewController.swift in Sources */,
				6D9FB79D225E6BF800E94199 /* structClass.swift in Sources */,
				6D72625A225B8B98003137BA /* GuardianContentClient.swift in Sources */,
				6D9FB79B225E58F100E94199 /* noteBook.xcdatamodeld in Sources */,
				6DA437782258F9FD003F8C8F /* AppDelegate.swift in Sources */,
				6DA7DCEA225A406B00683559 /* NotesDetailsTableViewController.swift in Sources */,
				6D72625B225B8B98003137BA /* GuardianContentDataTypes.swift in Sources */,
				6D726263225BB934003137BA /* ReturnedArticlesTableViewController.swift in Sources */,
				6D8385A7225D03D200BC9FBF /* ResultsCellTableViewCell.swift in Sources */,
				6DF1C3712260E420007829F9 /* MViewController.swift in Sources */,
				6D8385AB225D223E00BC9FBF /* SingleArticleTableViewController.swift in Sources */,
				6D9FB795225E381E00E94199 /* SingleArticleTableViewCell.swift in Sources */,
				6D9FB797225E4A9500E94199 /* RecentSearchesTableViewController.swift in Sources */,
				6D9FB793225E17E300E94199 /* KeyedDecodingContainer+extension.swift in Sources */,
				6DF1C3632260D1F1007829F9 /* DataChangedDelegate.swift in Sources */,
				6DF1C3672260D276007829F9 /* SelectionItem.swift in Sources */,
				6DF1C3652260D245007829F9 /* SelectionDoneCancelViewController.swift in Sources */,
			);
			runOnlyForDeploymentPostprocessing = 0;
		};
		6DA437872258F9FE003F8C8F /* Sources */ = {
			isa = PBXSourcesBuildPhase;
			buildActionMask = 2147483647;
			files = (
				6DA437902258F9FE003F8C8F /* noteBookTests.swift in Sources */,
			);
			runOnlyForDeploymentPostprocessing = 0;
		};
		6DA437922258F9FE003F8C8F /* Sources */ = {
			isa = PBXSourcesBuildPhase;
			buildActionMask = 2147483647;
			files = (
				6DA4379B2258F9FE003F8C8F /* noteBookUITests.swift in Sources */,
			);
			runOnlyForDeploymentPostprocessing = 0;
		};
/* End PBXSourcesBuildPhase section */

/* Begin PBXTargetDependency section */
		6DA4378D2258F9FE003F8C8F /* PBXTargetDependency */ = {
			isa = PBXTargetDependency;
			target = 6DA437732258F9FC003F8C8F /* noteBook */;
			targetProxy = 6DA4378C2258F9FE003F8C8F /* PBXContainerItemProxy */;
		};
		6DA437982258F9FE003F8C8F /* PBXTargetDependency */ = {
			isa = PBXTargetDependency;
			target = 6DA437732258F9FC003F8C8F /* noteBook */;
			targetProxy = 6DA437972258F9FE003F8C8F /* PBXContainerItemProxy */;
		};
/* End PBXTargetDependency section */

/* Begin PBXVariantGroup section */
		6DA4377B2258F9FD003F8C8F /* Main.storyboard */ = {
			isa = PBXVariantGroup;
			children = (
				6DA4377C2258F9FD003F8C8F /* Base */,
			);
			name = Main.storyboard;
			sourceTree = "<group>";
		};
		6DA437832258F9FE003F8C8F /* LaunchScreen.storyboard */ = {
			isa = PBXVariantGroup;
			children = (
				6DA437842258F9FE003F8C8F /* Base */,
			);
			name = LaunchScreen.storyboard;
			sourceTree = "<group>";
		};
/* End PBXVariantGroup section */

/* Begin XCBuildConfiguration section */
		6DA4379D2258F9FE003F8C8F /* Debug */ = {
			isa = XCBuildConfiguration;
			buildSettings = {
				ALWAYS_SEARCH_USER_PATHS = NO;
				CLANG_ANALYZER_NONNULL = YES;
				CLANG_ANALYZER_NUMBER_OBJECT_CONVERSION = YES_AGGRESSIVE;
				CLANG_CXX_LANGUAGE_STANDARD = "gnu++14";
				CLANG_CXX_LIBRARY = "libc++";
				CLANG_ENABLE_MODULES = YES;
				CLANG_ENABLE_OBJC_ARC = YES;
				CLANG_ENABLE_OBJC_WEAK = YES;
				CLANG_WARN_BLOCK_CAPTURE_AUTORELEASING = YES;
				CLANG_WARN_BOOL_CONVERSION = YES;
				CLANG_WARN_COMMA = YES;
				CLANG_WARN_CONSTANT_CONVERSION = YES;
				CLANG_WARN_DEPRECATED_OBJC_IMPLEMENTATIONS = YES;
				CLANG_WARN_DIRECT_OBJC_ISA_USAGE = YES_ERROR;
				CLANG_WARN_DOCUMENTATION_COMMENTS = YES;
				CLANG_WARN_EMPTY_BODY = YES;
				CLANG_WARN_ENUM_CONVERSION = YES;
				CLANG_WARN_INFINITE_RECURSION = YES;
				CLANG_WARN_INT_CONVERSION = YES;
				CLANG_WARN_NON_LITERAL_NULL_CONVERSION = YES;
				CLANG_WARN_OBJC_IMPLICIT_RETAIN_SELF = YES;
				CLANG_WARN_OBJC_LITERAL_CONVERSION = YES;
				CLANG_WARN_OBJC_ROOT_CLASS = YES_ERROR;
				CLANG_WARN_RANGE_LOOP_ANALYSIS = YES;
				CLANG_WARN_STRICT_PROTOTYPES = YES;
				CLANG_WARN_SUSPICIOUS_MOVE = YES;
				CLANG_WARN_UNGUARDED_AVAILABILITY = YES_AGGRESSIVE;
				CLANG_WARN_UNREACHABLE_CODE = YES;
				CLANG_WARN__DUPLICATE_METHOD_MATCH = YES;
				CODE_SIGN_IDENTITY = "iPhone Developer";
				COPY_PHASE_STRIP = NO;
				DEBUG_INFORMATION_FORMAT = dwarf;
				ENABLE_STRICT_OBJC_MSGSEND = YES;
				ENABLE_TESTABILITY = YES;
				GCC_C_LANGUAGE_STANDARD = gnu11;
				GCC_DYNAMIC_NO_PIC = NO;
				GCC_NO_COMMON_BLOCKS = YES;
				GCC_OPTIMIZATION_LEVEL = 0;
				GCC_PREPROCESSOR_DEFINITIONS = (
					"DEBUG=1",
					"$(inherited)",
				);
				GCC_WARN_64_TO_32_BIT_CONVERSION = YES;
				GCC_WARN_ABOUT_RETURN_TYPE = YES_ERROR;
				GCC_WARN_UNDECLARED_SELECTOR = YES;
				GCC_WARN_UNINITIALIZED_AUTOS = YES_AGGRESSIVE;
				GCC_WARN_UNUSED_FUNCTION = YES;
				GCC_WARN_UNUSED_VARIABLE = YES;
				IPHONEOS_DEPLOYMENT_TARGET = 12.0;
				MTL_ENABLE_DEBUG_INFO = INCLUDE_SOURCE;
				MTL_FAST_MATH = YES;
				ONLY_ACTIVE_ARCH = YES;
				SDKROOT = iphoneos;
				SWIFT_ACTIVE_COMPILATION_CONDITIONS = DEBUG;
				SWIFT_OPTIMIZATION_LEVEL = "-Onone";
			};
			name = Debug;
		};
		6DA4379E2258F9FE003F8C8F /* Release */ = {
			isa = XCBuildConfiguration;
			buildSettings = {
				ALWAYS_SEARCH_USER_PATHS = NO;
				CLANG_ANALYZER_NONNULL = YES;
				CLANG_ANALYZER_NUMBER_OBJECT_CONVERSION = YES_AGGRESSIVE;
				CLANG_CXX_LANGUAGE_STANDARD = "gnu++14";
				CLANG_CXX_LIBRARY = "libc++";
				CLANG_ENABLE_MODULES = YES;
				CLANG_ENABLE_OBJC_ARC = YES;
				CLANG_ENABLE_OBJC_WEAK = YES;
				CLANG_WARN_BLOCK_CAPTURE_AUTORELEASING = YES;
				CLANG_WARN_BOOL_CONVERSION = YES;
				CLANG_WARN_COMMA = YES;
				CLANG_WARN_CONSTANT_CONVERSION = YES;
				CLANG_WARN_DEPRECATED_OBJC_IMPLEMENTATIONS = YES;
				CLANG_WARN_DIRECT_OBJC_ISA_USAGE = YES_ERROR;
				CLANG_WARN_DOCUMENTATION_COMMENTS = YES;
				CLANG_WARN_EMPTY_BODY = YES;
				CLANG_WARN_ENUM_CONVERSION = YES;
				CLANG_WARN_INFINITE_RECURSION = YES;
				CLANG_WARN_INT_CONVERSION = YES;
				CLANG_WARN_NON_LITERAL_NULL_CONVERSION = YES;
				CLANG_WARN_OBJC_IMPLICIT_RETAIN_SELF = YES;
				CLANG_WARN_OBJC_LITERAL_CONVERSION = YES;
				CLANG_WARN_OBJC_ROOT_CLASS = YES_ERROR;
				CLANG_WARN_RANGE_LOOP_ANALYSIS = YES;
				CLANG_WARN_STRICT_PROTOTYPES = YES;
				CLANG_WARN_SUSPICIOUS_MOVE = YES;
				CLANG_WARN_UNGUARDED_AVAILABILITY = YES_AGGRESSIVE;
				CLANG_WARN_UNREACHABLE_CODE = YES;
				CLANG_WARN__DUPLICATE_METHOD_MATCH = YES;
				CODE_SIGN_IDENTITY = "iPhone Developer";
				COPY_PHASE_STRIP = NO;
				DEBUG_INFORMATION_FORMAT = "dwarf-with-dsym";
				ENABLE_NS_ASSERTIONS = NO;
				ENABLE_STRICT_OBJC_MSGSEND = YES;
				GCC_C_LANGUAGE_STANDARD = gnu11;
				GCC_NO_COMMON_BLOCKS = YES;
				GCC_WARN_64_TO_32_BIT_CONVERSION = YES;
				GCC_WARN_ABOUT_RETURN_TYPE = YES_ERROR;
				GCC_WARN_UNDECLARED_SELECTOR = YES;
				GCC_WARN_UNINITIALIZED_AUTOS = YES_AGGRESSIVE;
				GCC_WARN_UNUSED_FUNCTION = YES;
				GCC_WARN_UNUSED_VARIABLE = YES;
				IPHONEOS_DEPLOYMENT_TARGET = 12.0;
				MTL_ENABLE_DEBUG_INFO = NO;
				MTL_FAST_MATH = YES;
				SDKROOT = iphoneos;
				SWIFT_COMPILATION_MODE = wholemodule;
				SWIFT_OPTIMIZATION_LEVEL = "-O";
				VALIDATE_PRODUCT = YES;
			};
			name = Release;
		};
		6DA437A02258F9FE003F8C8F /* Debug */ = {
			isa = XCBuildConfiguration;
			buildSettings = {
				ASSETCATALOG_COMPILER_APPICON_NAME = AppIcon;
				CLANG_ENABLE_MODULES = YES;
				CODE_SIGN_STYLE = Automatic;
				INFOPLIST_FILE = noteBook/Info.plist;
				LD_RUNPATH_SEARCH_PATHS = (
					"$(inherited)",
					"@executable_path/Frameworks",
				);
				PRODUCT_BUNDLE_IDENTIFIER = uk.ac.aber.dcs.SEM2220.noteBook;
				PRODUCT_NAME = "$(TARGET_NAME)";
				SWIFT_OPTIMIZATION_LEVEL = "-Onone";
				SWIFT_VERSION = 4.2;
				TARGETED_DEVICE_FAMILY = "1,2";
			};
			name = Debug;
		};
		6DA437A12258F9FE003F8C8F /* Release */ = {
			isa = XCBuildConfiguration;
			buildSettings = {
				ASSETCATALOG_COMPILER_APPICON_NAME = AppIcon;
				CLANG_ENABLE_MODULES = YES;
				CODE_SIGN_STYLE = Automatic;
				INFOPLIST_FILE = noteBook/Info.plist;
				LD_RUNPATH_SEARCH_PATHS = (
					"$(inherited)",
					"@executable_path/Frameworks",
				);
				PRODUCT_BUNDLE_IDENTIFIER = uk.ac.aber.dcs.SEM2220.noteBook;
				PRODUCT_NAME = "$(TARGET_NAME)";
				SWIFT_VERSION = 4.2;
				TARGETED_DEVICE_FAMILY = "1,2";
			};
			name = Release;
		};
		6DA437A32258F9FE003F8C8F /* Debug */ = {
			isa = XCBuildConfiguration;
			buildSettings = {
				ALWAYS_EMBED_SWIFT_STANDARD_LIBRARIES = YES;
				BUNDLE_LOADER = "$(TEST_HOST)";
				CODE_SIGN_STYLE = Automatic;
				INFOPLIST_FILE = noteBookTests/Info.plist;
				LD_RUNPATH_SEARCH_PATHS = (
					"$(inherited)",
					"@executable_path/Frameworks",
					"@loader_path/Frameworks",
				);
				PRODUCT_BUNDLE_IDENTIFIER = uk.ac.aber.dcs.SEM2220.noteBookTests;
				PRODUCT_NAME = "$(TARGET_NAME)";
				SWIFT_VERSION = 4.2;
				TARGETED_DEVICE_FAMILY = "1,2";
				TEST_HOST = "$(BUILT_PRODUCTS_DIR)/noteBook.app/noteBook";
			};
			name = Debug;
		};
		6DA437A42258F9FE003F8C8F /* Release */ = {
			isa = XCBuildConfiguration;
			buildSettings = {
				ALWAYS_EMBED_SWIFT_STANDARD_LIBRARIES = YES;
				BUNDLE_LOADER = "$(TEST_HOST)";
				CODE_SIGN_STYLE = Automatic;
				INFOPLIST_FILE = noteBookTests/Info.plist;
				LD_RUNPATH_SEARCH_PATHS = (
					"$(inherited)",
					"@executable_path/Frameworks",
					"@loader_path/Frameworks",
				);
				PRODUCT_BUNDLE_IDENTIFIER = uk.ac.aber.dcs.SEM2220.noteBookTests;
				PRODUCT_NAME = "$(TARGET_NAME)";
				SWIFT_VERSION = 4.2;
				TARGETED_DEVICE_FAMILY = "1,2";
				TEST_HOST = "$(BUILT_PRODUCTS_DIR)/noteBook.app/noteBook";
			};
			name = Release;
		};
		6DA437A62258F9FE003F8C8F /* Debug */ = {
			isa = XCBuildConfiguration;
			buildSettings = {
				ALWAYS_EMBED_SWIFT_STANDARD_LIBRARIES = YES;
				CODE_SIGN_STYLE = Automatic;
				INFOPLIST_FILE = noteBookUITests/Info.plist;
				LD_RUNPATH_SEARCH_PATHS = (
					"$(inherited)",
					"@executable_path/Frameworks",
					"@loader_path/Frameworks",
				);
				PRODUCT_BUNDLE_IDENTIFIER = uk.ac.aber.dcs.SEM2220.noteBookUITests;
				PRODUCT_NAME = "$(TARGET_NAME)";
				SWIFT_VERSION = 4.2;
				TARGETED_DEVICE_FAMILY = "1,2";
				TEST_TARGET_NAME = noteBook;
			};
			name = Debug;
		};
		6DA437A72258F9FE003F8C8F /* Release */ = {
			isa = XCBuildConfiguration;
			buildSettings = {
				ALWAYS_EMBED_SWIFT_STANDARD_LIBRARIES = YES;
				CODE_SIGN_STYLE = Automatic;
				INFOPLIST_FILE = noteBookUITests/Info.plist;
				LD_RUNPATH_SEARCH_PATHS = (
					"$(inherited)",
					"@executable_path/Frameworks",
					"@loader_path/Frameworks",
				);
				PRODUCT_BUNDLE_IDENTIFIER = uk.ac.aber.dcs.SEM2220.noteBookUITests;
				PRODUCT_NAME = "$(TARGET_NAME)";
				SWIFT_VERSION = 4.2;
				TARGETED_DEVICE_FAMILY = "1,2";
				TEST_TARGET_NAME = noteBook;
			};
			name = Release;
		};
/* End XCBuildConfiguration section */

/* Begin XCConfigurationList section */
		6DA4376F2258F9FC003F8C8F /* Build configuration list for PBXProject "noteBook" */ = {
			isa = XCConfigurationList;
			buildConfigurations = (
				6DA4379D2258F9FE003F8C8F /* Debug */,
				6DA4379E2258F9FE003F8C8F /* Release */,
			);
			defaultConfigurationIsVisible = 0;
			defaultConfigurationName = Release;
		};
		6DA4379F2258F9FE003F8C8F /* Build configuration list for PBXNativeTarget "noteBook" */ = {
			isa = XCConfigurationList;
			buildConfigurations = (
				6DA437A02258F9FE003F8C8F /* Debug */,
				6DA437A12258F9FE003F8C8F /* Release */,
			);
			defaultConfigurationIsVisible = 0;
			defaultConfigurationName = Release;
		};
		6DA437A22258F9FE003F8C8F /* Build configuration list for PBXNativeTarget "noteBookTests" */ = {
			isa = XCConfigurationList;
			buildConfigurations = (
				6DA437A32258F9FE003F8C8F /* Debug */,
				6DA437A42258F9FE003F8C8F /* Release */,
			);
			defaultConfigurationIsVisible = 0;
			defaultConfigurationName = Release;
		};
		6DA437A52258F9FE003F8C8F /* Build configuration list for PBXNativeTarget "noteBookUITests" */ = {
			isa = XCConfigurationList;
			buildConfigurations = (
				6DA437A62258F9FE003F8C8F /* Debug */,
				6DA437A72258F9FE003F8C8F /* Release */,
			);
			defaultConfigurationIsVisible = 0;
			defaultConfigurationName = Release;
		};
/* End XCConfigurationList section */

/* Begin XCVersionGroup section */
		6D9FB799225E58F100E94199 /* noteBook.xcdatamodeld */ = {
			isa = XCVersionGroup;
			children = (
				6D9FB79A225E58F100E94199 /* noteBook.xcdatamodel */,
			);
			currentVersion = 6D9FB79A225E58F100E94199 /* noteBook.xcdatamodel */;
			path = noteBook.xcdatamodeld;
			sourceTree = SOURCE_ROOT;
			versionGroupType = wrapper.xcdatamodel;
		};
/* End XCVersionGroup section */
	};
	rootObject = 6DA4376C2258F9FC003F8C8F /* Project object */;
}
